
Microsoft Visual Studio Solution File, Format Version 12.00
# Visual Studio 14
VisualStudioVersion = 14.0.25420.1
MinimumVisualStudioVersion = 10.0.40219.1
Project("{FAE04EC0-301F-11D3-BF4B-00C04F79EFBC}") = "EchoApp", "EchoApp\EchoApp.csproj", "{487CC5AC-15B8-4A6F-A514-C71C0E42FB05}"
EndProject
Project("{2150E333-8FDC-42A3-9474-1A3956D46DE8}") = "Presentation", "Presentation", "{7AABB749-54F4-4B81-9D34-FC826C47B59D}"
EndProject
Project("{FAE04EC0-301F-11D3-BF4B-00C04F79EFBC}") = "EchoApp.Tests", "EchoApp.Tests\EchoApp.Tests.csproj", "{01788511-9DB0-4851-B80A-E10A14765D7F}"
EndProject
Project("{2150E333-8FDC-42A3-9474-1A3956D46DE8}") = "Logic", "Logic", "{04145771-00A7-4C5B-9690-E33B39909867}"
EndProject
Project("{FAE04EC0-301F-11D3-BF4B-00C04F79EFBC}") = "Application", "TCPApplication\Application.csproj", "{AEF1F996-1E33-4BA6-9012-6815118C3AE3}"
EndProject
Project("{FAE04EC0-301F-11D3-BF4B-00C04F79EFBC}") = "Application.Tests", "TCPApplication.Tests\Application.Tests.csproj", "{EE3B433F-1DB5-453E-980C-576D479CE759}"
EndProject
Project("{2150E333-8FDC-42A3-9474-1A3956D46DE8}") = "Drivers", "Drivers", "{28E4F8D0-4CAC-4ACF-849A-E7B5606AF094}"
EndProject
Project("{FAE04EC0-301F-11D3-BF4B-00C04F79EFBC}") = "TcpDrivers", "TcpDrivers\TcpDrivers.csproj", "{03FB6C02-FA42-400C-B551-169902F23B7C}"
EndProject
Global
	GlobalSection(SolutionConfigurationPlatforms) = preSolution
		Debug|Any CPU = Debug|Any CPU
		Release|Any CPU = Release|Any CPU
	EndGlobalSection
	GlobalSection(ProjectConfigurationPlatforms) = postSolution
		{487CC5AC-15B8-4A6F-A514-C71C0E42FB05}.Debug|Any CPU.ActiveCfg = Debug|Any CPU
		{487CC5AC-15B8-4A6F-A514-C71C0E42FB05}.Debug|Any CPU.Build.0 = Debug|Any CPU
		{487CC5AC-15B8-4A6F-A514-C71C0E42FB05}.Release|Any CPU.ActiveCfg = Release|Any CPU
		{487CC5AC-15B8-4A6F-A514-C71C0E42FB05}.Release|Any CPU.Build.0 = Release|Any CPU
		{01788511-9DB0-4851-B80A-E10A14765D7F}.Debug|Any CPU.ActiveCfg = Debug|Any CPU
		{01788511-9DB0-4851-B80A-E10A14765D7F}.Debug|Any CPU.Build.0 = Debug|Any CPU
		{01788511-9DB0-4851-B80A-E10A14765D7F}.Release|Any CPU.ActiveCfg = Release|Any CPU
		{01788511-9DB0-4851-B80A-E10A14765D7F}.Release|Any CPU.Build.0 = Release|Any CPU
		{AEF1F996-1E33-4BA6-9012-6815118C3AE3}.Debug|Any CPU.ActiveCfg = Debug|Any CPU
		{AEF1F996-1E33-4BA6-9012-6815118C3AE3}.Debug|Any CPU.Build.0 = Debug|Any CPU
		{AEF1F996-1E33-4BA6-9012-6815118C3AE3}.Release|Any CPU.ActiveCfg = Release|Any CPU
		{AEF1F996-1E33-4BA6-9012-6815118C3AE3}.Release|Any CPU.Build.0 = Release|Any CPU
		{EE3B433F-1DB5-453E-980C-576D479CE759}.Debug|Any CPU.ActiveCfg = Debug|Any CPU
		{EE3B433F-1DB5-453E-980C-576D479CE759}.Debug|Any CPU.Build.0 = Debug|Any CPU
		{EE3B433F-1DB5-453E-980C-576D479CE759}.Release|Any CPU.ActiveCfg = Release|Any CPU
		{EE3B433F-1DB5-453E-980C-576D479CE759}.Release|Any CPU.Build.0 = Release|Any CPU
		{03FB6C02-FA42-400C-B551-169902F23B7C}.Debug|Any CPU.ActiveCfg = Debug|Any CPU
		{03FB6C02-FA42-400C-B551-169902F23B7C}.Debug|Any CPU.Build.0 = Debug|Any CPU
		{03FB6C02-FA42-400C-B551-169902F23B7C}.Release|Any CPU.ActiveCfg = Release|Any CPU
		{03FB6C02-FA42-400C-B551-169902F23B7C}.Release|Any CPU.Build.0 = Release|Any CPU
	EndGlobalSection
	GlobalSection(SolutionProperties) = preSolution
		HideSolutionNode = FALSE
	EndGlobalSection
	GlobalSection(NestedProjects) = preSolution
		{487CC5AC-15B8-4A6F-A514-C71C0E42FB05} = {7AABB749-54F4-4B81-9D34-FC826C47B59D}
		{01788511-9DB0-4851-B80A-E10A14765D7F} = {7AABB749-54F4-4B81-9D34-FC826C47B59D}
		{AEF1F996-1E33-4BA6-9012-6815118C3AE3} = {04145771-00A7-4C5B-9690-E33B39909867}
		{EE3B433F-1DB5-453E-980C-576D479CE759} = {04145771-00A7-4C5B-9690-E33B39909867}
		{03FB6C02-FA42-400C-B551-169902F23B7C} = {28E4F8D0-4CAC-4ACF-849A-E7B5606AF094}
	EndGlobalSection
EndGlobal
